
Microsoft Visual Studio Solution File, Format Version 12.00
# Visual Studio Version 17
VisualStudioVersion = 17.14.36915.13 d17.14
MinimumVisualStudioVersion = 10.0.40219.1
Project("{FAE04EC0-301F-11D3-BF4B-00C04F79EFBC}") = "I-Billow-Lab-3", "I-Billow-Lab-3.csproj", "{C003FE33-2103-4170-BBDF-26F9994D02B3}"
EndProject
Global
	GlobalSection(SolutionConfigurationPlatforms) = preSolution
		Debug|Any CPU = Debug|Any CPU
		Release|Any CPU = Release|Any CPU
	EndGlobalSection
	GlobalSection(ProjectConfigurationPlatforms) = postSolution
		{C003FE33-2103-4170-BBDF-26F9994D02B3}.Debug|Any CPU.ActiveCfg = Debug|Any CPU
		{C003FE33-2103-4170-BBDF-26F9994D02B3}.Debug|Any CPU.Build.0 = Debug|Any CPU
		{C003FE33-2103-4170-BBDF-26F9994D02B3}.Release|Any CPU.ActiveCfg = Release|Any CPU
		{C003FE33-2103-4170-BBDF-26F9994D02B3}.Release|Any CPU.Build.0 = Release|Any CPU
	EndGlobalSection
	GlobalSection(SolutionProperties) = preSolution
		HideSolutionNode = FALSE
	EndGlobalSection
	GlobalSection(ExtensibilityGlobals) = postSolution
		SolutionGuid = {AE93BE24-4F22-4ADC-9622-276B56DC41DB}
	EndGlobalSection
EndGlobal
